// !$*UTF8*$!
{
	archiveVersion = 1;
	classes = {
	};
	objectVersion = 46;
	objects = {

/* Begin PBXBuildFile section */
		1845D28E1DCC66D400D29227 /* helpcenter_down_arrow@2x.png in Resources */ = {isa = PBXBuildFile; fileRef = 1845D28D1DCC66D400D29227 /* helpcenter_down_arrow@2x.png */; };
		1845D2901DCC674C00D29227 /* dkline@2x.png in Resources */ = {isa = PBXBuildFile; fileRef = 1845D28F1DCC674C00D29227 /* dkline@2x.png */; };
		18EDF69F1DCC5EB9008362E5 /* main.m in Sources */ = {isa = PBXBuildFile; fileRef = 18EDF69E1DCC5EB9008362E5 /* main.m */; };
		18EDF6A21DCC5EB9008362E5 /* AppDelegate.m in Sources */ = {isa = PBXBuildFile; fileRef = 18EDF6A11DCC5EB9008362E5 /* AppDelegate.m */; };
		18EDF6A81DCC5EB9008362E5 /* Main.storyboard in Resources */ = {isa = PBXBuildFile; fileRef = 18EDF6A61DCC5EB9008362E5 /* Main.storyboard */; };
		18EDF6AA1DCC5EBA008362E5 /* Assets.xcassets in Resources */ = {isa = PBXBuildFile; fileRef = 18EDF6A91DCC5EBA008362E5 /* Assets.xcassets */; };
		18EDF6AD1DCC5EBA008362E5 /* LaunchScreen.storyboard in Resources */ = {isa = PBXBuildFile; fileRef = 18EDF6AB1DCC5EBA008362E5 /* LaunchScreen.storyboard */; };
		18EDF6B81DCC5EBA008362E5 /* TableDemoTests.m in Sources */ = {isa = PBXBuildFile; fileRef = 18EDF6B71DCC5EBA008362E5 /* TableDemoTests.m */; };
		18EDF6C31DCC5EBA008362E5 /* TableDemoUITests.m in Sources */ = {isa = PBXBuildFile; fileRef = 18EDF6C21DCC5EBA008362E5 /* TableDemoUITests.m */; };
		18EDF6DD1DCC5F18008362E5 /* HelpCell.m in Sources */ = {isa = PBXBuildFile; fileRef = 18EDF6D41DCC5F18008362E5 /* HelpCell.m */; };
		18EDF6DE1DCC5F18008362E5 /* HelpCell.xib in Resources */ = {isa = PBXBuildFile; fileRef = 18EDF6D51DCC5F18008362E5 /* HelpCell.xib */; };
		18EDF6DF1DCC5F18008362E5 /* HelpCenterMessage.plist in Resources */ = {isa = PBXBuildFile; fileRef = 18EDF6D61DCC5F18008362E5 /* HelpCenterMessage.plist */; };
		18EDF6E01DCC5F18008362E5 /* HelpCenterViewController.m in Sources */ = {isa = PBXBuildFile; fileRef = 18EDF6D81DCC5F18008362E5 /* HelpCenterViewController.m */; };
		18EDF6E11DCC5F18008362E5 /* HelpCenterViewController.xib in Resources */ = {isa = PBXBuildFile; fileRef = 18EDF6D91DCC5F18008362E5 /* HelpCenterViewController.xib */; };
		18EDF6E21DCC5F18008362E5 /* HelpView.m in Sources */ = {isa = PBXBuildFile; fileRef = 18EDF6DB1DCC5F18008362E5 /* HelpView.m */; };
		18EDF6E41DCC5F5C008362E5 /* helpcenter_close_arrow@2x.png in Resources */ = {isa = PBXBuildFile; fileRef = 18EDF6E31DCC5F5C008362E5 /* helpcenter_close_arrow@2x.png */; };
		18EDF6E71DCC5F8C008362E5 /* HelpCenterModel.m in Sources */ = {isa = PBXBuildFile; fileRef = 18EDF6E61DCC5F8C008362E5 /* HelpCenterModel.m */; };
/* End PBXBuildFile section */

/* Begin PBXContainerItemProxy section */
		18EDF6B41DCC5EBA008362E5 /* PBXContainerItemProxy */ = {
			isa = PBXContainerItemProxy;
			containerPortal = 18EDF6921DCC5EB9008362E5 /* Project object */;
			proxyType = 1;
			remoteGlobalIDString = 18EDF6991DCC5EB9008362E5;
			remoteInfo = TableDemo;
		};
		18EDF6BF1DCC5EBA008362E5 /* PBXContainerItemProxy */ = {
			isa = PBXContainerItemProxy;
			containerPortal = 18EDF6921DCC5EB9008362E5 /* Project object */;
			proxyType = 1;
			remoteGlobalIDString = 18EDF6991DCC5EB9008362E5;
			remoteInfo = TableDemo;
		};
/* End PBXContainerItemProxy section */

/* Begin PBXFileReference section */
		1845D28D1DCC66D400D29227 /* helpcenter_down_arrow@2x.png */ = {isa = PBXFileReference; lastKnownFileType = image.png; path = "helpcenter_down_arrow@2x.png"; sourceTree = "<group>"; };
		1845D28F1DCC674C00D29227 /* dkline@2x.png */ = {isa = PBXFileReference; lastKnownFileType = image.png; path = "dkline@2x.png"; sourceTree = "<group>"; };
		18EDF69A1DCC5EB9008362E5 /* TableDemo.app */ = {isa = PBXFileReference; explicitFileType = wrapper.application; includeInIndex = 0; path = TableDemo.app; sourceTree = BUILT_PRODUCTS_DIR; };
		18EDF69E1DCC5EB9008362E5 /* main.m */ = {isa = PBXFileReference; lastKnownFileType = sourcecode.c.objc; path = main.m; sourceTree = "<group>"; };
		18EDF6A01DCC5EB9008362E5 /* AppDelegate.h */ = {isa = PBXFileReference; lastKnownFileType = sourcecode.c.h; path = AppDelegate.h; sourceTree = "<group>"; };
		18EDF6A11DCC5EB9008362E5 /* AppDelegate.m */ = {isa = PBXFileReference; lastKnownFileType = sourcecode.c.objc; path = AppDelegate.m; sourceTree = "<group>"; };
		18EDF6A71DCC5EB9008362E5 /* Base */ = {isa = PBXFileReference; lastKnownFileType = file.storyboard; name = Base; path = Base.lproj/Main.storyboard; sourceTree = "<group>"; };
		18EDF6A91DCC5EBA008362E5 /* Assets.xcassets */ = {isa = PBXFileReference; lastKnownFileType = folder.assetcatalog; path = Assets.xcassets; sourceTree = "<group>"; };
		18EDF6AC1DCC5EBA008362E5 /* Base */ = {isa = PBXFileReference; lastKnownFileType = file.storyboard; name = Base; path = Base.lproj/LaunchScreen.storyboard; sourceTree = "<group>"; };
		18EDF6AE1DCC5EBA008362E5 /* Info.plist */ = {isa = PBXFileReference; lastKnownFileType = text.plist.xml; path = Info.plist; sourceTree = "<group>"; };
		18EDF6B31DCC5EBA008362E5 /* TableDemoTests.xctest */ = {isa = PBXFileReference; explicitFileType = wrapper.cfbundle; includeInIndex = 0; path = TableDemoTests.xctest; sourceTree = BUILT_PRODUCTS_DIR; };
		18EDF6B71DCC5EBA008362E5 /* TableDemoTests.m */ = {isa = PBXFileReference; lastKnownFileType = sourcecode.c.objc; path = TableDemoTests.m; sourceTree = "<group>"; };
		18EDF6B91DCC5EBA008362E5 /* Info.plist */ = {isa = PBXFileReference; lastKnownFileType = text.plist.xml; path = Info.plist; sourceTree = "<group>"; };
		18EDF6BE1DCC5EBA008362E5 /* TableDemoUITests.xctest */ = {isa = PBXFileReference; explicitFileType = wrapper.cfbundle; includeInIndex = 0; path = TableDemoUITests.xctest; sourceTree = BUILT_PRODUCTS_DIR; };
		18EDF6C21DCC5EBA008362E5 /* TableDemoUITests.m */ = {isa = PBXFileReference; lastKnownFileType = sourcecode.c.objc; path = TableDemoUITests.m; sourceTree = "<group>"; };
		18EDF6C41DCC5EBA008362E5 /* Info.plist */ = {isa = PBXFileReference; lastKnownFileType = text.plist.xml; path = Info.plist; sourceTree = "<group>"; };
		18EDF6D31DCC5F18008362E5 /* HelpCell.h */ = {isa = PBXFileReference; fileEncoding = 4; lastKnownFileType = sourcecode.c.h; path = HelpCell.h; sourceTree = "<group>"; };
		18EDF6D41DCC5F18008362E5 /* HelpCell.m */ = {isa = PBXFileReference; fileEncoding = 4; lastKnownFileType = sourcecode.c.objc; path = HelpCell.m; sourceTree = "<group>"; };
		18EDF6D51DCC5F18008362E5 /* HelpCell.xib */ = {isa = PBXFileReference; fileEncoding = 4; lastKnownFileType = file.xib; path = HelpCell.xib; sourceTree = "<group>"; };
		18EDF6D61DCC5F18008362E5 /* HelpCenterMessage.plist */ = {isa = PBXFileReference; fileEncoding = 4; lastKnownFileType = text.plist.xml; path = HelpCenterMessage.plist; sourceTree = "<group>"; };
		18EDF6D71DCC5F18008362E5 /* HelpCenterViewController.h */ = {isa = PBXFileReference; fileEncoding = 4; lastKnownFileType = sourcecode.c.h; path = HelpCenterViewController.h; sourceTree = "<group>"; };
		18EDF6D81DCC5F18008362E5 /* HelpCenterViewController.m */ = {isa = PBXFileReference; fileEncoding = 4; lastKnownFileType = sourcecode.c.objc; path = HelpCenterViewController.m; sourceTree = "<group>"; };
		18EDF6D91DCC5F18008362E5 /* HelpCenterViewController.xib */ = {isa = PBXFileReference; fileEncoding = 4; lastKnownFileType = file.xib; path = HelpCenterViewController.xib; sourceTree = "<group>"; };
		18EDF6DA1DCC5F18008362E5 /* HelpView.h */ = {isa = PBXFileReference; fileEncoding = 4; lastKnownFileType = sourcecode.c.h; path = HelpView.h; sourceTree = "<group>"; };
		18EDF6DB1DCC5F18008362E5 /* HelpView.m */ = {isa = PBXFileReference; fileEncoding = 4; lastKnownFileType = sourcecode.c.objc; path = HelpView.m; sourceTree = "<group>"; };
		18EDF6E31DCC5F5C008362E5 /* helpcenter_close_arrow@2x.png */ = {isa = PBXFileReference; lastKnownFileType = image.png; path = "helpcenter_close_arrow@2x.png"; sourceTree = "<group>"; };
		18EDF6E51DCC5F8C008362E5 /* HelpCenterModel.h */ = {isa = PBXFileReference; fileEncoding = 4; lastKnownFileType = sourcecode.c.h; path = HelpCenterModel.h; sourceTree = "<group>"; };
		18EDF6E61DCC5F8C008362E5 /* HelpCenterModel.m */ = {isa = PBXFileReference; fileEncoding = 4; lastKnownFileType = sourcecode.c.objc; path = HelpCenterModel.m; sourceTree = "<group>"; };
/* End PBXFileReference section */

/* Begin PBXFrameworksBuildPhase section */
		18EDF6971DCC5EB9008362E5 /* Frameworks */ = {
			isa = PBXFrameworksBuildPhase;
			buildActionMask = 2147483647;
			files = (
			);
			runOnlyForDeploymentPostprocessing = 0;
		};
		18EDF6B01DCC5EBA008362E5 /* Frameworks */ = {
			isa = PBXFrameworksBuildPhase;
			buildActionMask = 2147483647;
			files = (
			);
			runOnlyForDeploymentPostprocessing = 0;
		};
		18EDF6BB1DCC5EBA008362E5 /* Frameworks */ = {
			isa = PBXFrameworksBuildPhase;
			buildActionMask = 2147483647;
			files = (
			);
			runOnlyForDeploymentPostprocessing = 0;
		};
/* End PBXFrameworksBuildPhase section */

/* Begin PBXGroup section */
		18EDF6911DCC5EB9008362E5 = {
			isa = PBXGroup;
			children = (
				18EDF69C1DCC5EB9008362E5 /* TableDemo */,
				18EDF6B61DCC5EBA008362E5 /* TableDemoTests */,
				18EDF6C11DCC5EBA008362E5 /* TableDemoUITests */,
				18EDF69B1DCC5EB9008362E5 /* Products */,
			);
			sourceTree = "<group>";
		};
		18EDF69B1DCC5EB9008362E5 /* Products */ = {
			isa = PBXGroup;
			children = (
				18EDF69A1DCC5EB9008362E5 /* TableDemo.app */,
				18EDF6B31DCC5EBA008362E5 /* TableDemoTests.xctest */,
				18EDF6BE1DCC5EBA008362E5 /* TableDemoUITests.xctest */,
			);
			name = Products;
			sourceTree = "<group>";
		};
		18EDF69C1DCC5EB9008362E5 /* TableDemo */ = {
			isa = PBXGroup;
			children = (
				18EDF6D01DCC5F18008362E5 /* HelpCenter */,
				18EDF6A01DCC5EB9008362E5 /* AppDelegate.h */,
				18EDF6A11DCC5EB9008362E5 /* AppDelegate.m */,
				18EDF6A61DCC5EB9008362E5 /* Main.storyboard */,
				18EDF6A91DCC5EBA008362E5 /* Assets.xcassets */,
				18EDF6AB1DCC5EBA008362E5 /* LaunchScreen.storyboard */,
				18EDF6AE1DCC5EBA008362E5 /* Info.plist */,
				18EDF69D1DCC5EB9008362E5 /* Supporting Files */,
			);
			path = TableDemo;
			sourceTree = "<group>";
		};
		18EDF69D1DCC5EB9008362E5 /* Supporting Files */ = {
			isa = PBXGroup;
			children = (
				18EDF69E1DCC5EB9008362E5 /* main.m */,
			);
			name = "Supporting Files";
			sourceTree = "<group>";
		};
		18EDF6B61DCC5EBA008362E5 /* TableDemoTests */ = {
			isa = PBXGroup;
			children = (
				18EDF6B71DCC5EBA008362E5 /* TableDemoTests.m */,
				18EDF6B91DCC5EBA008362E5 /* Info.plist */,
			);
			path = TableDemoTests;
			sourceTree = "<group>";
		};
		18EDF6C11DCC5EBA008362E5 /* TableDemoUITests */ = {
			isa = PBXGroup;
			children = (
				18EDF6C21DCC5EBA008362E5 /* TableDemoUITests.m */,
				18EDF6C41DCC5EBA008362E5 /* Info.plist */,
			);
			path = TableDemoUITests;
			sourceTree = "<group>";
		};
		18EDF6D01DCC5F18008362E5 /* HelpCenter */ = {
			isa = PBXGroup;
			children = (
				18EDF6D71DCC5F18008362E5 /* HelpCenterViewController.h */,
				18EDF6D81DCC5F18008362E5 /* HelpCenterViewController.m */,
				18EDF6D91DCC5F18008362E5 /* HelpCenterViewController.xib */,
				18EDF6D61DCC5F18008362E5 /* HelpCenterMessage.plist */,
				18EDF6E51DCC5F8C008362E5 /* HelpCenterModel.h */,
				18EDF6E61DCC5F8C008362E5 /* HelpCenterModel.m */,
				18EDF6DA1DCC5F18008362E5 /* HelpView.h */,
				18EDF6DB1DCC5F18008362E5 /* HelpView.m */,
				18EDF6E31DCC5F5C008362E5 /* helpcenter_close_arrow@2x.png */,
				1845D28D1DCC66D400D29227 /* helpcenter_down_arrow@2x.png */,
				1845D28F1DCC674C00D29227 /* dkline@2x.png */,
				18EDF6D31DCC5F18008362E5 /* HelpCell.h */,
				18EDF6D41DCC5F18008362E5 /* HelpCell.m */,
				18EDF6D51DCC5F18008362E5 /* HelpCell.xib */,
			);
			path = HelpCenter;
			sourceTree = "<group>";
		};
/* End PBXGroup section */

/* Begin PBXNativeTarget section */
		18EDF6991DCC5EB9008362E5 /* TableDemo */ = {
			isa = PBXNativeTarget;
			buildConfigurationList = 18EDF6C71DCC5EBA008362E5 /* Build configuration list for PBXNativeTarget "TableDemo" */;
			buildPhases = (
				18EDF6961DCC5EB9008362E5 /* Sources */,
				18EDF6971DCC5EB9008362E5 /* Frameworks */,
				18EDF6981DCC5EB9008362E5 /* Resources */,
			);
			buildRules = (
			);
			dependencies = (
			);
			name = TableDemo;
			productName = TableDemo;
			productReference = 18EDF69A1DCC5EB9008362E5 /* TableDemo.app */;
			productType = "com.apple.product-type.application";
		};
		18EDF6B21DCC5EBA008362E5 /* TableDemoTests */ = {
			isa = PBXNativeTarget;
			buildConfigurationList = 18EDF6CA1DCC5EBA008362E5 /* Build configuration list for PBXNativeTarget "TableDemoTests" */;
			buildPhases = (
				18EDF6AF1DCC5EBA008362E5 /* Sources */,
				18EDF6B01DCC5EBA008362E5 /* Frameworks */,
				18EDF6B11DCC5EBA008362E5 /* Resources */,
			);
			buildRules = (
			);
			dependencies = (
				18EDF6B51DCC5EBA008362E5 /* PBXTargetDependency */,
			);
			name = TableDemoTests;
			productName = TableDemoTests;
			productReference = 18EDF6B31DCC5EBA008362E5 /* TableDemoTests.xctest */;
			productType = "com.apple.product-type.bundle.unit-test";
		};
		18EDF6BD1DCC5EBA008362E5 /* TableDemoUITests */ = {
			isa = PBXNativeTarget;
			buildConfigurationList = 18EDF6CD1DCC5EBA008362E5 /* Build configuration list for PBXNativeTarget "TableDemoUITests" */;
			buildPhases = (
				18EDF6BA1DCC5EBA008362E5 /* Sources */,
				18EDF6BB1DCC5EBA008362E5 /* Frameworks */,
				18EDF6BC1DCC5EBA008362E5 /* Resources */,
			);
			buildRules = (
			);
			dependencies = (
				18EDF6C01DCC5EBA008362E5 /* PBXTargetDependency */,
			);
			name = TableDemoUITests;
			productName = TableDemoUITests;
			productReference = 18EDF6BE1DCC5EBA008362E5 /* TableDemoUITests.xctest */;
			productType = "com.apple.product-type.bundle.ui-testing";
		};
/* End PBXNativeTarget section */

/* Begin PBXProject section */
		18EDF6921DCC5EB9008362E5 /* Project object */ = {
			isa = PBXProject;
			attributes = {
				LastUpgradeCheck = 0800;
				ORGANIZATIONNAME = Zhongxingwen;
				TargetAttributes = {
					18EDF6991DCC5EB9008362E5 = {
						CreatedOnToolsVersion = 8.0;
						DevelopmentTeam = 35MPQZ6FK3;
						ProvisioningStyle = Automatic;
					};
					18EDF6B21DCC5EBA008362E5 = {
						CreatedOnToolsVersion = 8.0;
						ProvisioningStyle = Automatic;
						TestTargetID = 18EDF6991DCC5EB9008362E5;
					};
					18EDF6BD1DCC5EBA008362E5 = {
						CreatedOnToolsVersion = 8.0;
						ProvisioningStyle = Automatic;
						TestTargetID = 18EDF6991DCC5EB9008362E5;
					};
				};
			};
			buildConfigurationList = 18EDF6951DCC5EB9008362E5 /* Build configuration list for PBXProject "TableDemo" */;
			compatibilityVersion = "Xcode 3.2";
			developmentRegion = English;
			hasScannedForEncodings = 0;
			knownRegions = (
				en,
				Base,
			);
			mainGroup = 18EDF6911DCC5EB9008362E5;
			productRefGroup = 18EDF69B1DCC5EB9008362E5 /* Products */;
			projectDirPath = "";
			projectRoot = "";
			targets = (
				18EDF6991DCC5EB9008362E5 /* TableDemo */,
				18EDF6B21DCC5EBA008362E5 /* TableDemoTests */,
				18EDF6BD1DCC5EBA008362E5 /* TableDemoUITests */,
			);
		};
/* End PBXProject section */

/* Begin PBXResourcesBuildPhase section */
		18EDF6981DCC5EB9008362E5 /* Resources */ = {
			isa = PBXResourcesBuildPhase;
			buildActionMask = 2147483647;
			files = (
				1845D2901DCC674C00D29227 /* dkline@2x.png in Resources */,
				18EDF6E11DCC5F18008362E5 /* HelpCenterViewController.xib in Resources */,
				18EDF6AD1DCC5EBA008362E5 /* LaunchScreen.storyboard in Resources */,
				18EDF6E41DCC5F5C008362E5 /* helpcenter_close_arrow@2x.png in Resources */,
				18EDF6AA1DCC5EBA008362E5 /* Assets.xcassets in Resources */,
				1845D28E1DCC66D400D29227 /* helpcenter_down_arrow@2x.png in Resources */,
				18EDF6DE1DCC5F18008362E5 /* HelpCell.xib in Resources */,
				18EDF6DF1DCC5F18008362E5 /* HelpCenterMessage.plist in Resources */,
				18EDF6A81DCC5EB9008362E5 /* Main.storyboard in Resources */,
			);
			runOnlyForDeploymentPostprocessing = 0;
		};
		18EDF6B11DCC5EBA008362E5 /* Resources */ = {
			isa = PBXResourcesBuildPhase;
			buildActionMask = 2147483647;
			files = (
			);
			runOnlyForDeploymentPostprocessing = 0;
		};
		18EDF6BC1DCC5EBA008362E5 /* Resources */ = {
			isa = PBXResourcesBuildPhase;
			buildActionMask = 2147483647;
			files = (
			);
			runOnlyForDeploymentPostprocessing = 0;
		};
/* End PBXResourcesBuildPhase section */

/* Begin PBXSourcesBuildPhase section */
		18EDF6961DCC5EB9008362E5 /* Sources */ = {
			isa = PBXSourcesBuildPhase;
			buildActionMask = 2147483647;
			files = (
				18EDF6E01DCC5F18008362E5 /* HelpCenterViewController.m in Sources */,
				18EDF6DD1DCC5F18008362E5 /* HelpCell.m in Sources */,
				18EDF6E21DCC5F18008362E5 /* HelpView.m in Sources */,
				18EDF6A21DCC5EB9008362E5 /* AppDelegate.m in Sources */,
				18EDF69F1DCC5EB9008362E5 /* main.m in Sources */,
				18EDF6E71DCC5F8C008362E5 /* HelpCenterModel.m in Sources */,
			);
			runOnlyForDeploymentPostprocessing = 0;
		};
		18EDF6AF1DCC5EBA008362E5 /* Sources */ = {
			isa = PBXSourcesBuildPhase;
			buildActionMask = 2147483647;
			files = (
				18EDF6B81DCC5EBA008362E5 /* TableDemoTests.m in Sources */,
			);
			runOnlyForDeploymentPostprocessing = 0;
		};
		18EDF6BA1DCC5EBA008362E5 /* Sources */ = {
			isa = PBXSourcesBuildPhase;
			buildActionMask = 2147483647;
			files = (
				18EDF6C31DCC5EBA008362E5 /* TableDemoUITests.m in Sources */,
			);
			runOnlyForDeploymentPostprocessing = 0;
		};
/* End PBXSourcesBuildPhase section */

/* Begin PBXTargetDependency section */
		18EDF6B51DCC5EBA008362E5 /* PBXTargetDependency */ = {
			isa = PBXTargetDependency;
			target = 18EDF6991DCC5EB9008362E5 /* TableDemo */;
			targetProxy = 18EDF6B41DCC5EBA008362E5 /* PBXContainerItemProxy */;
		};
		18EDF6C01DCC5EBA008362E5 /* PBXTargetDependency */ = {
			isa = PBXTargetDependency;
			target = 18EDF6991DCC5EB9008362E5 /* TableDemo */;
			targetProxy = 18EDF6BF1DCC5EBA008362E5 /* PBXContainerItemProxy */;
		};
/* End PBXTargetDependency section */

/* Begin PBXVariantGroup section */
		18EDF6A61DCC5EB9008362E5 /* Main.storyboard */ = {
			isa = PBXVariantGroup;
			children = (
				18EDF6A71DCC5EB9008362E5 /* Base */,
			);
			name = Main.storyboard;
			sourceTree = "<group>";
		};
		18EDF6AB1DCC5EBA008362E5 /* LaunchScreen.storyboard */ = {
			isa = PBXVariantGroup;
			children = (
				18EDF6AC1DCC5EBA008362E5 /* Base */,
			);
			name = LaunchScreen.storyboard;
			sourceTree = "<group>";
		};
/* End PBXVariantGroup section */

/* Begin XCBuildConfiguration section */
		18EDF6C51DCC5EBA008362E5 /* Debug */ = {
			isa = XCBuildConfiguration;
			buildSettings = {
				ALWAYS_SEARCH_USER_PATHS = NO;
				CLANG_ANALYZER_NONNULL = YES;
				CLANG_CXX_LANGUAGE_STANDARD = "gnu++0x";
				CLANG_CXX_LIBRARY = "libc++";
				CLANG_ENABLE_MODULES = YES;
				CLANG_ENABLE_OBJC_ARC = YES;
				CLANG_WARN_BOOL_CONVERSION = YES;
				CLANG_WARN_CONSTANT_CONVERSION = YES;
				CLANG_WARN_DIRECT_OBJC_ISA_USAGE = YES_ERROR;
				CLANG_WARN_DOCUMENTATION_COMMENTS = YES;
				CLANG_WARN_EMPTY_BODY = YES;
				CLANG_WARN_ENUM_CONVERSION = YES;
				CLANG_WARN_INFINITE_RECURSION = YES;
				CLANG_WARN_INT_CONVERSION = YES;
				CLANG_WARN_OBJC_ROOT_CLASS = YES_ERROR;
				CLANG_WARN_SUSPICIOUS_MOVES = YES;
				CLANG_WARN_UNREACHABLE_CODE = YES;
				CLANG_WARN__DUPLICATE_METHOD_MATCH = YES;
				"CODE_SIGN_IDENTITY[sdk=iphoneos*]" = "iPhone Developer";
				COPY_PHASE_STRIP = NO;
				DEBUG_INFORMATION_FORMAT = dwarf;
				ENABLE_STRICT_OBJC_MSGSEND = YES;
				ENABLE_TESTABILITY = YES;
				GCC_C_LANGUAGE_STANDARD = gnu99;
				GCC_DYNAMIC_NO_PIC = NO;
				GCC_NO_COMMON_BLOCKS = YES;
				GCC_OPTIMIZATION_LEVEL = 0;
				GCC_PREPROCESSOR_DEFINITIONS = (
					"DEBUG=1",
					"$(inherited)",
				);
				GCC_WARN_64_TO_32_BIT_CONVERSION = YES;
				GCC_WARN_ABOUT_RETURN_TYPE = YES_ERROR;
				GCC_WARN_UNDECLARED_SELECTOR = YES;
				GCC_WARN_UNINITIALIZED_AUTOS = YES_AGGRESSIVE;
				GCC_WARN_UNUSED_FUNCTION = YES;
				GCC_WARN_UNUSED_VARIABLE = YES;
				IPHONEOS_DEPLOYMENT_TARGET = 10.0;
				MTL_ENABLE_DEBUG_INFO = YES;
				ONLY_ACTIVE_ARCH = YES;
				SDKROOT = iphoneos;
			};
			name = Debug;
		};
		18EDF6C61DCC5EBA008362E5 /* Release */ = {
			isa = XCBuildConfiguration;
			buildSettings = {
				ALWAYS_SEARCH_USER_PATHS = NO;
				CLANG_ANALYZER_NONNULL = YES;
				CLANG_CXX_LANGUAGE_STANDARD = "gnu++0x";
				CLANG_CXX_LIBRARY = "libc++";
				CLANG_ENABLE_MODULES = YES;
				CLANG_ENABLE_OBJC_ARC = YES;
				CLANG_WARN_BOOL_CONVERSION = YES;
				CLANG_WARN_CONSTANT_CONVERSION = YES;
				CLANG_WARN_DIRECT_OBJC_ISA_USAGE = YES_ERROR;
				CLANG_WARN_DOCUMENTATION_COMMENTS = YES;
				CLANG_WARN_EMPTY_BODY = YES;
				CLANG_WARN_ENUM_CONVERSION = YES;
				CLANG_WARN_INFINITE_RECURSION = YES;
				CLANG_WARN_INT_CONVERSION = YES;
				CLANG_WARN_OBJC_ROOT_CLASS = YES_ERROR;
				CLANG_WARN_SUSPICIOUS_MOVES = YES;
				CLANG_WARN_UNREACHABLE_CODE = YES;
				CLANG_WARN__DUPLICATE_METHOD_MATCH = YES;
				"CODE_SIGN_IDENTITY[sdk=iphoneos*]" = "iPhone Developer";
				COPY_PHASE_STRIP = NO;
				DEBUG_INFORMATION_FORMAT = "dwarf-with-dsym";
				ENABLE_NS_ASSERTIONS = NO;
				ENABLE_STRICT_OBJC_MSGSEND = YES;
				GCC_C_LANGUAGE_STANDARD = gnu99;
				GCC_NO_COMMON_BLOCKS = YES;
				GCC_WARN_64_TO_32_BIT_CONVERSION = YES;
				GCC_WARN_ABOUT_RETURN_TYPE = YES_ERROR;
				GCC_WARN_UNDECLARED_SELECTOR = YES;
				GCC_WARN_UNINITIALIZED_AUTOS = YES_AGGRESSIVE;
				GCC_WARN_UNUSED_FUNCTION = YES;
				GCC_WARN_UNUSED_VARIABLE = YES;
				IPHONEOS_DEPLOYMENT_TARGET = 10.0;
				MTL_ENABLE_DEBUG_INFO = NO;
				SDKROOT = iphoneos;
				VALIDATE_PRODUCT = YES;
			};
			name = Release;
		};
		18EDF6C81DCC5EBA008362E5 /* Debug */ = {
			isa = XCBuildConfiguration;
			buildSettings = {
				ASSETCATALOG_COMPILER_APPICON_NAME = AppIcon;
				DEVELOPMENT_TEAM = 35MPQZ6FK3;
				INFOPLIST_FILE = TableDemo/Info.plist;
				LD_RUNPATH_SEARCH_PATHS = "$(inherited) @executable_path/Frameworks";
				PRODUCT_BUNDLE_IDENTIFIER = com.zhongxingwen.www.Huilc.TableDemo;
				PRODUCT_NAME = "$(TARGET_NAME)";
			};
			name = Debug;
		};
		18EDF6C91DCC5EBA008362E5 /* Release */ = {
			isa = XCBuildConfiguration;
			buildSettings = {
				ASSETCATALOG_COMPILER_APPICON_NAME = AppIcon;
				DEVELOPMENT_TEAM = 35MPQZ6FK3;
				INFOPLIST_FILE = TableDemo/Info.plist;
				LD_RUNPATH_SEARCH_PATHS = "$(inherited) @executable_path/Frameworks";
				PRODUCT_BUNDLE_IDENTIFIER = com.zhongxingwen.www.Huilc.TableDemo;
				PRODUCT_NAME = "$(TARGET_NAME)";
			};
			name = Release;
		};
		18EDF6CB1DCC5EBA008362E5 /* Debug */ = {
			isa = XCBuildConfiguration;
			buildSettings = {
				BUNDLE_LOADER = "$(TEST_HOST)";
				INFOPLIST_FILE = TableDemoTests/Info.plist;
				LD_RUNPATH_SEARCH_PATHS = "$(inherited) @executable_path/Frameworks @loader_path/Frameworks";
				PRODUCT_BUNDLE_IDENTIFIER = com.huilc.www.Huilc.TableDemoTests;
				PRODUCT_NAME = "$(TARGET_NAME)";
				TEST_HOST = "$(BUILT_PRODUCTS_DIR)/TableDemo.app/TableDemo";
			};
			name = Debug;
		};
		18EDF6CC1DCC5EBA008362E5 /* Release */ = {
			isa = XCBuildConfiguration;
			buildSettings = {
				BUNDLE_LOADER = "$(TEST_HOST)";
				INFOPLIST_FILE = TableDemoTests/Info.plist;
				LD_RUNPATH_SEARCH_PATHS = "$(inherited) @executable_path/Frameworks @loader_path/Frameworks";
				PRODUCT_BUNDLE_IDENTIFIER = com.huilc.www.Huilc.TableDemoTests;
				PRODUCT_NAME = "$(TARGET_NAME)";
				TEST_HOST = "$(BUILT_PRODUCTS_DIR)/TableDemo.app/TableDemo";
			};
			name = Release;
		};
		18EDF6CE1DCC5EBA008362E5 /* Debug */ = {
			isa = XCBuildConfiguration;
			buildSettings = {
				INFOPLIST_FILE = TableDemoUITests/Info.plist;
				LD_RUNPATH_SEARCH_PATHS = "$(inherited) @executable_path/Frameworks @loader_path/Frameworks";
				PRODUCT_BUNDLE_IDENTIFIER = com.huilc.www.Huilc.TableDemoUITests;
				PRODUCT_NAME = "$(TARGET_NAME)";
				TEST_TARGET_NAME = TableDemo;
			};
			name = Debug;
		};
		18EDF6CF1DCC5EBA008362E5 /* Release */ = {
			isa = XCBuildConfiguration;
			buildSettings = {
				INFOPLIST_FILE = TableDemoUITests/Info.plist;
				LD_RUNPATH_SEARCH_PATHS = "$(inherited) @executable_path/Frameworks @loader_path/Frameworks";
				PRODUCT_BUNDLE_IDENTIFIER = com.huilc.www.Huilc.TableDemoUITests;
				PRODUCT_NAME = "$(TARGET_NAME)";
				TEST_TARGET_NAME = TableDemo;
			};
			name = Release;
		};
/* End XCBuildConfiguration section */

/* Begin XCConfigurationList section */
		18EDF6951DCC5EB9008362E5 /* Build configuration list for PBXProject "TableDemo" */ = {
			isa = XCConfigurationList;
			buildConfigurations = (
				18EDF6C51DCC5EBA008362E5 /* Debug */,
				18EDF6C61DCC5EBA008362E5 /* Release */,
			);
			defaultConfigurationIsVisible = 0;
			defaultConfigurationName = Release;
		};
		18EDF6C71DCC5EBA008362E5 /* Build configuration list for PBXNativeTarget "TableDemo" */ = {
			isa = XCConfigurationList;
			buildConfigurations = (
				18EDF6C81DCC5EBA008362E5 /* Debug */,
				18EDF6C91DCC5EBA008362E5 /* Release */,
			);
			defaultConfigurationIsVisible = 0;
			defaultConfigurationName = Release;
		};
		18EDF6CA1DCC5EBA008362E5 /* Build configuration list for PBXNativeTarget "TableDemoTests" */ = {
			isa = XCConfigurationList;
			buildConfigurations = (
				18EDF6CB1DCC5EBA008362E5 /* Debug */,
				18EDF6CC1DCC5EBA008362E5 /* Release */,
			);
			defaultConfigurationIsVisible = 0;
			defaultConfigurationName = Release;
		};
		18EDF6CD1DCC5EBA008362E5 /* Build configuration list for PBXNativeTarget "TableDemoUITests" */ = {
			isa = XCConfigurationList;
			buildConfigurations = (
				18EDF6CE1DCC5EBA008362E5 /* Debug */,
				18EDF6CF1DCC5EBA008362E5 /* Release */,
			);
			defaultConfigurationIsVisible = 0;
			defaultConfigurationName = Release;
		};
/* End XCConfigurationList section */
	};
	rootObject = 18EDF6921DCC5EB9008362E5 /* Project object */;
}
